
Microsoft Visual Studio Solution File, Format Version 12.00
# Visual Studio Version 17
VisualStudioVersion = 17.10.35027.167
MinimumVisualStudioVersion = 10.0.40219.1
Project("{FAE04EC0-301F-11D3-BF4B-00C04F79EFBC}") = "RavenDBBulkInsert", "RavenDBBulkInsert\RavenDBBulkInsert.csproj", "{20983AE5-D9D7-4559-9843-BDC4CF598872}"
EndProject
Global
	GlobalSection(SolutionConfigurationPlatforms) = preSolution
		Debug|Any CPU = Debug|Any CPU
		Release|Any CPU = Release|Any CPU
	EndGlobalSection
	GlobalSection(ProjectConfigurationPlatforms) = postSolution
		{20983AE5-D9D7-4559-9843-BDC4CF598872}.Debug|Any CPU.ActiveCfg = Debug|Any CPU
		{20983AE5-D9D7-4559-9843-BDC4CF598872}.Debug|Any CPU.Build.0 = Debug|Any CPU
		{20983AE5-D9D7-4559-9843-BDC4CF598872}.Release|Any CPU.ActiveCfg = Release|Any CPU
		{20983AE5-D9D7-4559-9843-BDC4CF598872}.Release|Any CPU.Build.0 = Release|Any CPU
	EndGlobalSection
	GlobalSection(SolutionProperties) = preSolution
		HideSolutionNode = FALSE
	EndGlobalSection
	GlobalSection(ExtensibilityGlobals) = postSolution
		SolutionGuid = {64BE49C8-8814-4BEC-9E03-7F2EE7011C19}
	EndGlobalSection
EndGlobal
